// !$*UTF8*$!
{
	archiveVersion = 1;
	classes = {
	};
	objectVersion = 48;
	objects = {

/* Begin PBXBuildFile section */
		E93AAA29201A3B250019A2BF /* AppDelegate.swift in Sources */ = {isa = PBXBuildFile; fileRef = E93AAA28201A3B250019A2BF /* AppDelegate.swift */; };
		E93AAA2B201A3B250019A2BF /* ViewController.swift in Sources */ = {isa = PBXBuildFile; fileRef = E93AAA2A201A3B250019A2BF /* ViewController.swift */; };
		E93AAA2E201A3B250019A2BF /* Main.storyboard in Resources */ = {isa = PBXBuildFile; fileRef = E93AAA2C201A3B250019A2BF /* Main.storyboard */; };
		E93AAA30201A3B250019A2BF /* Assets.xcassets in Resources */ = {isa = PBXBuildFile; fileRef = E93AAA2F201A3B250019A2BF /* Assets.xcassets */; };
		E93AAA33201A3B250019A2BF /* LaunchScreen.storyboard in Resources */ = {isa = PBXBuildFile; fileRef = E93AAA31201A3B250019A2BF /* LaunchScreen.storyboard */; };
		E93AAA3B201A6A8B0019A2BF /* TutorialCollectionViewCell.swift in Sources */ = {isa = PBXBuildFile; fileRef = E93AAA3A201A6A8B0019A2BF /* TutorialCollectionViewCell.swift */; };
/* End PBXBuildFile section */

/* Begin PBXFileReference section */
		E93AAA25201A3B250019A2BF /* CollectionViewCarousel.app */ = {isa = PBXFileReference; explicitFileType = wrapper.application; includeInIndex = 0; path = CollectionViewCarousel.app; sourceTree = BUILT_PRODUCTS_DIR; };
		E93AAA28201A3B250019A2BF /* AppDelegate.swift */ = {isa = PBXFileReference; lastKnownFileType = sourcecode.swift; path = AppDelegate.swift; sourceTree = "<group>"; };
		E93AAA2A201A3B250019A2BF /* ViewController.swift */ = {isa = PBXFileReference; lastKnownFileType = sourcecode.swift; path = ViewController.swift; sourceTree = "<group>"; };
		E93AAA2D201A3B250019A2BF /* Base */ = {isa = PBXFileReference; lastKnownFileType = file.storyboard; name = Base; path = Base.lproj/Main.storyboard; sourceTree = "<group>"; };
		E93AAA2F201A3B250019A2BF /* Assets.xcassets */ = {isa = PBXFileReference; lastKnownFileType = folder.assetcatalog; path = Assets.xcassets; sourceTree = "<group>"; };
		E93AAA32201A3B250019A2BF /* Base */ = {isa = PBXFileReference; lastKnownFileType = file.storyboard; name = Base; path = Base.lproj/LaunchScreen.storyboard; sourceTree = "<group>"; };
		E93AAA34201A3B250019A2BF /* Info.plist */ = {isa = PBXFileReference; lastKnownFileType = text.plist.xml; path = Info.plist; sourceTree = "<group>"; };
		E93AAA3A201A6A8B0019A2BF /* TutorialCollectionViewCell.swift */ = {isa = PBXFileReference; lastKnownFileType = sourcecode.swift; path = TutorialCollectionViewCell.swift; sourceTree = "<group>"; };
/* End PBXFileReference section */

/* Begin PBXFrameworksBuildPhase section */
		E93AAA22201A3B250019A2BF /* Frameworks */ = {
			isa = PBXFrameworksBuildPhase;
			buildActionMask = 2147483647;
			files = (
			);
			runOnlyForDeploymentPostprocessing = 0;
		};
/* End PBXFrameworksBuildPhase section */

/* Begin PBXGroup section */
		E93AAA1C201A3B240019A2BF = {
			isa = PBXGroup;
			children = (
				E93AAA27201A3B250019A2BF /* CollectionViewCarousel */,
				E93AAA26201A3B250019A2BF /* Products */,
			);
			sourceTree = "<group>";
		};
		E93AAA26201A3B250019A2BF /* Products */ = {
			isa = PBXGroup;
			children = (
				E93AAA25201A3B250019A2BF /* CollectionViewCarousel.app */,
			);
			name = Products;
			sourceTree = "<group>";
		};
		E93AAA27201A3B250019A2BF /* CollectionViewCarousel */ = {
			isa = PBXGroup;
			children = (
				E93AAA28201A3B250019A2BF /* AppDelegate.swift */,
				E93AAA2A201A3B250019A2BF /* ViewController.swift */,
				E93AAA3A201A6A8B0019A2BF /* TutorialCollectionViewCell.swift */,
				E93AAA2C201A3B250019A2BF /* Main.storyboard */,
				E93AAA2F201A3B250019A2BF /* Assets.xcassets */,
				E93AAA31201A3B250019A2BF /* LaunchScreen.storyboard */,
				E93AAA34201A3B250019A2BF /* Info.plist */,
			);
			path = CollectionViewCarousel;
			sourceTree = "<group>";
		};
/* End PBXGroup section */

/* Begin PBXNativeTarget section */
		E93AAA24201A3B250019A2BF /* CollectionViewCarousel */ = {
			isa = PBXNativeTarget;
			buildConfigurationList = E93AAA37201A3B250019A2BF /* Build configuration list for PBXNativeTarget "CollectionViewCarousel" */;
			buildPhases = (
				E93AAA21201A3B250019A2BF /* Sources */,
				E93AAA22201A3B250019A2BF /* Frameworks */,
				E93AAA23201A3B250019A2BF /* Resources */,
			);
			buildRules = (
			);
			dependencies = (
			);
			name = CollectionViewCarousel;
			productName = CollectionViewCarousel;
			productReference = E93AAA25201A3B250019A2BF /* CollectionViewCarousel.app */;
			productType = "com.apple.product-type.application";
		};
/* End PBXNativeTarget section */

/* Begin PBXProject section */
		E93AAA1D201A3B240019A2BF /* Project object */ = {
			isa = PBXProject;
			attributes = {
				LastSwiftUpdateCheck = 0920;
				LastUpgradeCheck = 0920;
				ORGANIZATIONNAME = TDermaris;
				TargetAttributes = {
					E93AAA24201A3B250019A2BF = {
						CreatedOnToolsVersion = 9.2;
						ProvisioningStyle = Automatic;
					};
				};
			};
			buildConfigurationList = E93AAA20201A3B240019A2BF /* Build configuration list for PBXProject "CollectionViewCarousel" */;
			compatibilityVersion = "Xcode 8.0";
			developmentRegion = en;
			hasScannedForEncodings = 0;
			knownRegions = (
				en,
				Base,
			);
			mainGroup = E93AAA1C201A3B240019A2BF;
			productRefGroup = E93AAA26201A3B250019A2BF /* Products */;
			projectDirPath = "";
			projectRoot = "";
			targets = (
				E93AAA24201A3B250019A2BF /* CollectionViewCarousel */,
			);
		};
/* End PBXProject section */

/* Begin PBXResourcesBuildPhase section */
		E93AAA23201A3B250019A2BF /* Resources */ = {
			isa = PBXResourcesBuildPhase;
			buildActionMask = 2147483647;
			files = (
				E93AAA33201A3B250019A2BF /* LaunchScreen.storyboard in Resources */,
				E93AAA30201A3B250019A2BF /* Assets.xcassets in Resources */,
				E93AAA2E201A3B250019A2BF /* Main.storyboard in Resources */,
			);
			runOnlyForDeploymentPostprocessing = 0;
		};
/* End PBXResourcesBuildPhase section */

/* Begin PBXSourcesBuildPhase section */
		E93AAA21201A3B250019A2BF /* Sources */ = {
			isa = PBXSourcesBuildPhase;
			buildActionMask = 2147483647;
			files = (
				E93AAA3B201A6A8B0019A2BF /* TutorialCollectionViewCell.swift in Sources */,
				E93AAA2B201A3B250019A2BF /* ViewController.swift in Sources */,
				E93AAA29201A3B250019A2BF /* AppDelegate.swift in Sources */,
			);
			runOnlyForDeploymentPostprocessing = 0;
		};
/* End PBXSourcesBuildPhase section */

/* Begin PBXVariantGroup section */
		E93AAA2C201A3B250019A2BF /* Main.storyboard */ = {
			isa = PBXVariantGroup;
			children = (
				E93AAA2D201A3B250019A2BF /* Base */,
			);
			name = Main.storyboard;
			sourceTree = "<group>";
		};
		E93AAA31201A3B250019A2BF /* LaunchScreen.storyboard */ = {
			isa = PBXVariantGroup;
			children = (
				E93AAA32201A3B250019A2BF /* Base */,
			);
			name = LaunchScreen.storyboard;
			sourceTree = "<group>";
		};
/* End PBXVariantGroup section */

/* Begin XCBuildConfiguration section */
		E93AAA35201A3B250019A2BF /* Debug */ = {
			isa = XCBuildConfiguration;
			buildSettings = {
				ALWAYS_SEARCH_USER_PATHS = NO;
				CLANG_ANALYZER_NONNULL = YES;
				CLANG_ANALYZER_NUMBER_OBJECT_CONVERSION = YES_AGGRESSIVE;
				CLANG_CXX_LANGUAGE_STANDARD = "gnu++14";
				CLANG_CXX_LIBRARY = "libc++";
				CLANG_ENABLE_MODULES = YES;
				CLANG_ENABLE_OBJC_ARC = YES;
				CLANG_WARN_BLOCK_CAPTURE_AUTORELEASING = YES;
				CLANG_WARN_BOOL_CONVERSION = YES;
				CLANG_WARN_COMMA = YES;
				CLANG_WARN_CONSTANT_CONVERSION = YES;
				CLANG_WARN_DIRECT_OBJC_ISA_USAGE = YES_ERROR;
				CLANG_WARN_DOCUMENTATION_COMMENTS = YES;
				CLANG_WARN_EMPTY_BODY = YES;
				CLANG_WARN_ENUM_CONVERSION = YES;
				CLANG_WARN_INFINITE_RECURSION = YES;
				CLANG_WARN_INT_CONVERSION = YES;
				CLANG_WARN_NON_LITERAL_NULL_CONVERSION = YES;
				CLANG_WARN_OBJC_LITERAL_CONVERSION = YES;
				CLANG_WARN_OBJC_ROOT_CLASS = YES_ERROR;
				CLANG_WARN_RANGE_LOOP_ANALYSIS = YES;
				CLANG_WARN_STRICT_PROTOTYPES = YES;
				CLANG_WARN_SUSPICIOUS_MOVE = YES;
				CLANG_WARN_UNGUARDED_AVAILABILITY = YES_AGGRESSIVE;
				CLANG_WARN_UNREACHABLE_CODE = YES;
				CLANG_WARN__DUPLICATE_METHOD_MATCH = YES;
				CODE_SIGN_IDENTITY = "iPhone Developer";
				COPY_PHASE_STRIP = NO;
				DEBUG_INFORMATION_FORMAT = dwarf;
				ENABLE_STRICT_OBJC_MSGSEND = YES;
				ENABLE_TESTABILITY = YES;
				GCC_C_LANGUAGE_STANDARD = gnu11;
				GCC_DYNAMIC_NO_PIC = NO;
				GCC_NO_COMMON_BLOCKS = YES;
				GCC_OPTIMIZATION_LEVEL = 0;
				GCC_PREPROCESSOR_DEFINITIONS = (
					"DEBUG=1",
					"$(inherited)",
				);
				GCC_WARN_64_TO_32_BIT_CONVERSION = YES;
				GCC_WARN_ABOUT_RETURN_TYPE = YES_ERROR;
				GCC_WARN_UNDECLARED_SELECTOR = YES;
				GCC_WARN_UNINITIALIZED_AUTOS = YES_AGGRESSIVE;
				GCC_WARN_UNUSED_FUNCTION = YES;
				GCC_WARN_UNUSED_VARIABLE = YES;
				IPHONEOS_DEPLOYMENT_TARGET = 11.2;
				MTL_ENABLE_DEBUG_INFO = YES;
				ONLY_ACTIVE_ARCH = YES;
				SDKROOT = iphoneos;
				SWIFT_ACTIVE_COMPILATION_CONDITIONS = DEBUG;
				SWIFT_OPTIMIZATION_LEVEL = "-Onone";
			};
			name = Debug;
		};
		E93AAA36201A3B250019A2BF /* Release */ = {
			isa = XCBuildConfiguration;
			buildSettings = {
				ALWAYS_SEARCH_USER_PATHS = NO;
				CLANG_ANALYZER_NONNULL = YES;
				CLANG_ANALYZER_NUMBER_OBJECT_CONVERSION = YES_AGGRESSIVE;
				CLANG_CXX_LANGUAGE_STANDARD = "gnu++14";
				CLANG_CXX_LIBRARY = "libc++";
				CLANG_ENABLE_MODULES = YES;
				CLANG_ENABLE_OBJC_ARC = YES;
				CLANG_WARN_BLOCK_CAPTURE_AUTORELEASING = YES;
				CLANG_WARN_BOOL_CONVERSION = YES;
				CLANG_WARN_COMMA = YES;
				CLANG_WARN_CONSTANT_CONVERSION = YES;
				CLANG_WARN_DIRECT_OBJC_ISA_USAGE = YES_ERROR;
				CLANG_WARN_DOCUMENTATION_COMMENTS = YES;
				CLANG_WARN_EMPTY_BODY = YES;
				CLANG_WARN_ENUM_CONVERSION = YES;
				CLANG_WARN_INFINITE_RECURSION = YES;
				CLANG_WARN_INT_CONVERSION = YES;
				CLANG_WARN_NON_LITERAL_NULL_CONVERSION = YES;
				CLANG_WARN_OBJC_LITERAL_CONVERSION = YES;
				CLANG_WARN_OBJC_ROOT_CLASS = YES_ERROR;
				CLANG_WARN_RANGE_LOOP_ANALYSIS = YES;
				CLANG_WARN_STRICT_PROTOTYPES = YES;
				CLANG_WARN_SUSPICIOUS_MOVE = YES;
				CLANG_WARN_UNGUARDED_AVAILABILITY = YES_AGGRESSIVE;
				CLANG_WARN_UNREACHABLE_CODE = YES;
				CLANG_WARN__DUPLICATE_METHOD_MATCH = YES;
				CODE_SIGN_IDENTITY = "iPhone Developer";
				COPY_PHASE_STRIP = NO;
				DEBUG_INFORMATION_FORMAT = "dwarf-with-dsym";
				ENABLE_NS_ASSERTIONS = NO;
				ENABLE_STRICT_OBJC_MSGSEND = YES;
				GCC_C_LANGUAGE_STANDARD = gnu11;
				GCC_NO_COMMON_BLOCKS = YES;
				GCC_WARN_64_TO_32_BIT_CONVERSION = YES;
				GCC_WARN_ABOUT_RETURN_TYPE = YES_ERROR;
				GCC_WARN_UNDECLARED_SELECTOR = YES;
				GCC_WARN_UNINITIALIZED_AUTOS = YES_AGGRESSIVE;
				GCC_WARN_UNUSED_FUNCTION = YES;
				GCC_WARN_UNUSED_VARIABLE = YES;
				IPHONEOS_DEPLOYMENT_TARGET = 11.2;
				MTL_ENABLE_DEBUG_INFO = NO;
				SDKROOT = iphoneos;
				SWIFT_OPTIMIZATION_LEVEL = "-Owholemodule";
				VALIDATE_PRODUCT = YES;
			};
			name = Release;
		};
		E93AAA38201A3B250019A2BF /* Debug */ = {
			isa = XCBuildConfiguration;
			buildSettings = {
				ASSETCATALOG_COMPILER_APPICON_NAME = AppIcon;
				CODE_SIGN_STYLE = Automatic;
				DEVELOPMENT_TEAM = 6SXYQXKWJC;
				INFOPLIST_FILE = CollectionViewCarousel/Info.plist;
				LD_RUNPATH_SEARCH_PATHS = "$(inherited) @executable_path/Frameworks";
				PRODUCT_BUNDLE_IDENTIFIER = com.tdermaris.CollectionViewCarousel;
				PRODUCT_NAME = "$(TARGET_NAME)";
				SWIFT_VERSION = 4.0;
				TARGETED_DEVICE_FAMILY = "1,2";
			};
			name = Debug;
		};
		E93AAA39201A3B250019A2BF /* Release */ = {
			isa = XCBuildConfiguration;
			buildSettings = {
				ASSETCATALOG_COMPILER_APPICON_NAME = AppIcon;
				CODE_SIGN_STYLE = Automatic;
				DEVELOPMENT_TEAM = 6SXYQXKWJC;
				INFOPLIST_FILE = CollectionViewCarousel/Info.plist;
				LD_RUNPATH_SEARCH_PATHS = "$(inherited) @executable_path/Frameworks";
				PRODUCT_BUNDLE_IDENTIFIER = com.tdermaris.CollectionViewCarousel;
				PRODUCT_NAME = "$(TARGET_NAME)";
				SWIFT_VERSION = 4.0;
				TARGETED_DEVICE_FAMILY = "1,2";
			};
			name = Release;
		};
/* End XCBuildConfiguration section */

/* Begin XCConfigurationList section */
		E93AAA20201A3B240019A2BF /* Build configuration list for PBXProject "CollectionViewCarousel" */ = {
			isa = XCConfigurationList;
			buildConfigurations = (
				E93AAA35201A3B250019A2BF /* Debug */,
				E93AAA36201A3B250019A2BF /* Release */,
			);
			defaultConfigurationIsVisible = 0;
			defaultConfigurationName = Release;
		};
		E93AAA37201A3B250019A2BF /* Build configuration list for PBXNativeTarget "CollectionViewCarousel" */ = {
			isa = XCConfigurationList;
			buildConfigurations = (
				E93AAA38201A3B250019A2BF /* Debug */,
				E93AAA39201A3B250019A2BF /* Release */,
			);
			defaultConfigurationIsVisible = 0;
			defaultConfigurationName = Release;
		};
/* End XCConfigurationList section */
	};
	rootObject = E93AAA1D201A3B240019A2BF /* Project object */;
}
